
Microsoft Visual Studio Solution File, Format Version 12.00
# Visual Studio Version 17
VisualStudioVersion = 17.3.32929.385
MinimumVisualStudioVersion = 10.0.40219.1
Project("{FAE04EC0-301F-11D3-BF4B-00C04F79EFBC}") = "Arrays", "Arrays.csproj", "{77664BF0-53BA-433D-8315-E25241DF7F0A}"
EndProject
Global
	GlobalSection(SolutionConfigurationPlatforms) = preSolution
		Debug|Any CPU = Debug|Any CPU
		Release|Any CPU = Release|Any CPU
	EndGlobalSection
	GlobalSection(ProjectConfigurationPlatforms) = postSolution
		{77664BF0-53BA-433D-8315-E25241DF7F0A}.Debug|Any CPU.ActiveCfg = Debug|Any CPU
		{77664BF0-53BA-433D-8315-E25241DF7F0A}.Debug|Any CPU.Build.0 = Debug|Any CPU
		{77664BF0-53BA-433D-8315-E25241DF7F0A}.Release|Any CPU.ActiveCfg = Release|Any CPU
		{77664BF0-53BA-433D-8315-E25241DF7F0A}.Release|Any CPU.Build.0 = Release|Any CPU
	EndGlobalSection
	GlobalSection(SolutionProperties) = preSolution
		HideSolutionNode = FALSE
	EndGlobalSection
	GlobalSection(ExtensibilityGlobals) = postSolution
		SolutionGuid = {0E65D808-9662-4B8C-8C87-B31BF80E653D}
	EndGlobalSection
EndGlobal
